{
    "_readme": [
        "This file locks the dependencies of your project to a known state",
        "Read more about it at https://getcomposer.org/doc/01-basic-usage.md#composer-lock-the-lock-file",
        "This file is @generated automatically"
    ],
    "hash": "426b4f0b5bce29bac607810021827eb4",
    "content-hash": "5075a383fe85cac89666d681a998ae88",
    "packages": [
        {
            "name": "iggyvolz/html-element",
            "version": "v1.0.1",
            "source": {
                "type": "git",
                "url": "https://github.com/iggyvolz/htmlElement.git",
                "reference": "06686bec923033d74af0cef4b9af930c3f628126"
            },
            "dist": {
                "type": "zip",
                "url": "https://api.github.com/repos/iggyvolz/htmlElement/zipball/06686bec923033d74af0cef4b9af930c3f628126",
                "reference": "06686bec923033d74af0cef4b9af930c3f628126",
                "shasum": ""
            },
            "require": {
                "php": ">=5.3.0"
            },
            "type": "library",
            "autoload": {
                "psr-0": {
                    "htmlElement": "src/"
                }
            },
            "notification-url": "https://packagist.org/downloads/",
            "license": [
                "GPL-2.0"
            ],
            "description": "A simple PHP class that allows you to write HTML tags through while() loops.",
            "homepage": "http://github.com/iggyvolz/htmlElement",
            "time": "2016-01-30 20:40:01"
        }
    ],
    "packages-dev": [],
    "aliases": [],
    "minimum-stability": "stable",
    "stability-flags": [],
    "prefer-stable": false,
    "prefer-lowest": false,
    "platform": [],
    "platform-dev": []
}
